{
  "lockfileVersion": 1,
  "configVersion": 1,
  "workspaces": {
    "": {
      "name": "workspace",
      "devDependencies": {
        "@rollup/rollup-darwin-arm64": "^4.62.2",
        "@tailwindcss/oxide-darwin-arm64": "^4.3.2",
        "lightningcss-darwin-arm64": "^1.32.0",
        "prettier": "^3.8.4",
        "typescript": "~5.9.3",
      },
    },
  },
  "packages": {
    "@rollup/rollup-darwin-arm64": ["@rollup/rollup-darwin-arm64@4.62.2", "https://europe-west1-npm.pkg.dev/lovable-core-prod/sandbox-npm-cache/@rollup/rollup-darwin-arm64/-/rollup-darwin-arm64-4.62.2.tgz", { "os": "darwin", "cpu": "arm64" }, "sha512-v39RCCvj4He82I9sFmk+M1VZ0PLM9sfsLVikjfx2hYBNALhrrOR2D3JjQA6AhlaSOgcR+RzrKY7e1+bT6SUO/A=="],

    "@tailwindcss/oxide-darwin-arm64": ["@tailwindcss/oxide-darwin-arm64@4.3.2", "https://europe-west1-npm.pkg.dev/lovable-core-prod/sandbox-npm-cache/@tailwindcss/oxide-darwin-arm64/-/oxide-darwin-arm64-4.3.2.tgz", { "os": "darwin", "cpu": "arm64" }, "sha512-GZypeUY/IDJW3877KeM+O67vbXr3MBnbtEL4aYhNErv/JWZhye2vGSWWG9tB6iiqR2MqRNkY8IOUy4NdSZV26w=="],

    "lightningcss-darwin-arm64": ["lightningcss-darwin-arm64@1.32.0", "https://europe-west1-npm.pkg.dev/lovable-core-prod/sandbox-npm-cache/lightningcss-darwin-arm64/-/lightningcss-darwin-arm64-1.32.0.tgz", { "os": "darwin", "cpu": "arm64" }, "sha512-RzeG9Ju5bag2Bv1/lwlVJvBE3q6TtXskdZLLCyfg5pt+HLz9BqlICO7LZM7VHNTTn/5PRhHFBSjk5lc4cmscPQ=="],

    "prettier": ["prettier@3.8.4", "https://europe-west4-npm.pkg.dev/lovable-core-prod/sandbox-npm-cache/prettier/-/prettier-3.8.4.tgz", { "bin": { "prettier": "bin/prettier.cjs" } }, "sha512-N2MylSdi48+5N/6S5j+maeHbUSIzzZ5uOcX5Hm4QpV8Dkb1HFjfAKTKX6yNPJQD9AhcT3ifHNB66tWTTJDi11Q=="],

    "typescript": ["typescript@5.9.3", "https://europe-west4-npm.pkg.dev/lovable-core-prod/sandbox-npm-cache/typescript/-/typescript-5.9.3.tgz", { "bin": { "tsc": "bin/tsc", "tsserver": "bin/tsserver" } }, "sha512-jl1vZzPDinLr9eUt3J/t7V6FgNEw9QjvBPdysz9KfQDD41fQrC2Y4vKQdiaUpFT4bXlb1RHhLpp8wtm6M5TgSw=="],
  }
}
